// !$*UTF8*$!
{
	archiveVersion = 1;
	classes = {
	};
	objectVersion = 77;
	objects = {

/* Begin PBXBuildFile section */
		2C58EF9B2CC0CE2700C4CFA7 /* UIImage+.swift in Sources */ = {isa = PBXBuildFile; fileRef = 2C58EF9A2CC0CE2700C4CFA7 /* UIImage+.swift */; };
		2C58EF9D2CC0D62600C4CFA7 /* UserViewModel.swift in Sources */ = {isa = PBXBuildFile; fileRef = 2C58EF9C2CC0D62600C4CFA7 /* UserViewModel.swift */; };
		2CF4D8FB2CBF98C0002824DC /* ProfileCustomButton.swift in Sources */ = {isa = PBXBuildFile; fileRef = 2CF4D8FA2CBF98C0002824DC /* ProfileCustomButton.swift */; };
		2CF775342CBED99D00FE13C2 /* ProfileView.swift in Sources */ = {isa = PBXBuildFile; fileRef = 2CF775322CBED99D00FE13C2 /* ProfileView.swift */; };
		2CF775362CBED99D00FE13C2 /* ProfileManagementView.swift in Sources */ = {isa = PBXBuildFile; fileRef = 2CF775312CBED99D00FE13C2 /* ProfileManagementView.swift */; };
		2CF775382CBED9B700FE13C2 /* ImageManagementView.swift in Sources */ = {isa = PBXBuildFile; fileRef = 2CF775372CBED9B700FE13C2 /* ImageManagementView.swift */; };
		77A2CA6F2CBDFA8500C18CF4 /* AuthStore.swift in Sources */ = {isa = PBXBuildFile; fileRef = 77A2CA6E2CBDFA8500C18CF4 /* AuthStore.swift */; };
		77A2CA712CBDFA9700C18CF4 /* AuthGoogle.swift in Sources */ = {isa = PBXBuildFile; fileRef = 77A2CA702CBDFA9700C18CF4 /* AuthGoogle.swift */; };
		77A2CA732CBDFAA700C18CF4 /* AuthEmail.swift in Sources */ = {isa = PBXBuildFile; fileRef = 77A2CA722CBDFAA700C18CF4 /* AuthEmail.swift */; };
		B82F6D232CBE472A00D59FF1 /* LocationManager.swift in Sources */ = {isa = PBXBuildFile; fileRef = B82F6D222CBE472A00D59FF1 /* LocationManager.swift */; };
		CE8C79532CBD0ABA00992D4C /* UploadingImageView.swift in Sources */ = {isa = PBXBuildFile; fileRef = CE8C79522CBD0ABA00992D4C /* UploadingImageView.swift */; };
		CE95DF382CBE8820006F2732 /* GoogleService-Info.plist in Resources */ = {isa = PBXBuildFile; fileRef = CE95DF372CBE8820006F2732 /* GoogleService-Info.plist */; };
		CE95DF3B2CBE8C8D006F2732 /* FirebaseFirestore in Frameworks */ = {isa = PBXBuildFile; productRef = CE95DF3A2CBE8C8D006F2732 /* FirebaseFirestore */; };
		CE95DF3D2CBE8C92006F2732 /* FirebaseStorage in Frameworks */ = {isa = PBXBuildFile; productRef = CE95DF3C2CBE8C92006F2732 /* FirebaseStorage */; };
		CEBDD8F52CC036100046A13C /* MainView.swift in Sources */ = {isa = PBXBuildFile; fileRef = CEBDD8F42CC036100046A13C /* MainView.swift */; };
		CEFED8932CBCF0E5003938E2 /* Assets.xcassets in Resources */ = {isa = PBXBuildFile; fileRef = CEFED88E2CBCF0E5003938E2 /* Assets.xcassets */; };
		CEFED8942CBCF0E5003938E2 /* ContentView.swift in Sources */ = {isa = PBXBuildFile; fileRef = CEFED88F2CBCF0E5003938E2 /* ContentView.swift */; };
		CEFED8952CBCF0E5003938E2 /* FriendsMapApp.swift in Sources */ = {isa = PBXBuildFile; fileRef = CEFED8902CBCF0E5003938E2 /* FriendsMapApp.swift */; };
		CEFED8A02CBCF20A003938E2 /* FirebaseAppCheck in Frameworks */ = {isa = PBXBuildFile; productRef = CEFED89F2CBCF20A003938E2 /* FirebaseAppCheck */; };
		CEFED8A42CBCF20A003938E2 /* FirebaseAuth in Frameworks */ = {isa = PBXBuildFile; productRef = CEFED8A32CBCF20A003938E2 /* FirebaseAuth */; };
		CEFED8A82CBCF20A003938E2 /* FirebaseCore in Frameworks */ = {isa = PBXBuildFile; productRef = CEFED8A72CBCF20A003938E2 /* FirebaseCore */; };
		CEFED8AC2CBCF20A003938E2 /* FirebaseDatabase in Frameworks */ = {isa = PBXBuildFile; productRef = CEFED8AB2CBCF20A003938E2 /* FirebaseDatabase */; };
		CEFED8C62CBCF20A003938E2 /* FirebaseStorageCombine-Community in Frameworks */ = {isa = PBXBuildFile; productRef = CEFED8C52CBCF20A003938E2 /* FirebaseStorageCombine-Community */; };
		CEFED8CB2CBCF293003938E2 /* GoogleSignIn in Frameworks */ = {isa = PBXBuildFile; productRef = CEFED8CA2CBCF293003938E2 /* GoogleSignIn */; };
		CEFED8CD2CBCF293003938E2 /* GoogleSignInSwift in Frameworks */ = {isa = PBXBuildFile; productRef = CEFED8CC2CBCF293003938E2 /* GoogleSignInSwift */; };
		CEFED8D32CBCF6F1003938E2 /* User.swift in Sources */ = {isa = PBXBuildFile; fileRef = CEFED8D22CBCF6EB003938E2 /* User.swift */; };
		CEFED8D52CBD0148003938E2 /* Profile.swift in Sources */ = {isa = PBXBuildFile; fileRef = CEFED8D42CBD0144003938E2 /* Profile.swift */; };
		CEFED8D72CBD015F003938E2 /* Content.swift in Sources */ = {isa = PBXBuildFile; fileRef = CEFED8D62CBD015C003938E2 /* Content.swift */; };
		E0BCB8E22CBF937700FF2391 /* FriendRequestView.swift in Sources */ = {isa = PBXBuildFile; fileRef = E0BCB8E12CBF937000FF2391 /* FriendRequestView.swift */; };
		E0BCB8E62CBF938F00FF2391 /* AddFriendView.swift in Sources */ = {isa = PBXBuildFile; fileRef = E0BCB8E52CBF938E00FF2391 /* AddFriendView.swift */; };
		E0BCB8E82CBF93A100FF2391 /* FriendLIistView.swift in Sources */ = {isa = PBXBuildFile; fileRef = E0BCB8E72CBF939F00FF2391 /* FriendLIistView.swift */; };
		E0BCB8EA2CBF93B500FF2391 /* FriendViewModel.swift in Sources */ = {isa = PBXBuildFile; fileRef = E0BCB8E92CBF93A900FF2391 /* FriendViewModel.swift */; };
		E0BCB8EE2CBF94CE00FF2391 /* Color.swift in Sources */ = {isa = PBXBuildFile; fileRef = E0BCB8ED2CBF94C900FF2391 /* Color.swift */; };
		FB9D007E2CBDF43B002874C1 /* SignUpView.swift in Sources */ = {isa = PBXBuildFile; fileRef = FB9D007D2CBDF43B002874C1 /* SignUpView.swift */; };
		FB9D00802CBDF45F002874C1 /* LoginViewCommon.swift in Sources */ = {isa = PBXBuildFile; fileRef = FB9D007F2CBDF455002874C1 /* LoginViewCommon.swift */; };
		FB9D00842CBDF4E5002874C1 /* LoginTextFieldModifier.swift in Sources */ = {isa = PBXBuildFile; fileRef = FB9D00832CBDF4E1002874C1 /* LoginTextFieldModifier.swift */; };
		FB9D00862CBDF65E002874C1 /* SignInView.swift in Sources */ = {isa = PBXBuildFile; fileRef = FB9D00852CBDF65E002874C1 /* SignInView.swift */; };
		FB9D00882CBDF80D002874C1 /* ProfileSettingView.swift in Sources */ = {isa = PBXBuildFile; fileRef = FB9D00872CBDF80D002874C1 /* ProfileSettingView.swift */; };
		FB9D008A2CBDFE93002874C1 /* ImagePicker.swift in Sources */ = {isa = PBXBuildFile; fileRef = FB9D00892CBDFE8D002874C1 /* ImagePicker.swift */; };
/* End PBXBuildFile section */

/* Begin PBXFileReference section */
		2C58EF9A2CC0CE2700C4CFA7 /* UIImage+.swift */ = {isa = PBXFileReference; lastKnownFileType = sourcecode.swift; path = "UIImage+.swift"; sourceTree = "<group>"; };
		2C58EF9C2CC0D62600C4CFA7 /* UserViewModel.swift */ = {isa = PBXFileReference; lastKnownFileType = sourcecode.swift; path = UserViewModel.swift; sourceTree = "<group>"; };
		2CF4D8FA2CBF98C0002824DC /* ProfileCustomButton.swift */ = {isa = PBXFileReference; lastKnownFileType = sourcecode.swift; path = ProfileCustomButton.swift; sourceTree = "<group>"; };
		2CF775312CBED99D00FE13C2 /* ProfileManagementView.swift */ = {isa = PBXFileReference; lastKnownFileType = sourcecode.swift; path = ProfileManagementView.swift; sourceTree = "<group>"; };
		2CF775322CBED99D00FE13C2 /* ProfileView.swift */ = {isa = PBXFileReference; lastKnownFileType = sourcecode.swift; path = ProfileView.swift; sourceTree = "<group>"; };
		2CF775372CBED9B700FE13C2 /* ImageManagementView.swift */ = {isa = PBXFileReference; lastKnownFileType = sourcecode.swift; path = ImageManagementView.swift; sourceTree = "<group>"; };
		77A2CA6E2CBDFA8500C18CF4 /* AuthStore.swift */ = {isa = PBXFileReference; lastKnownFileType = sourcecode.swift; path = AuthStore.swift; sourceTree = "<group>"; };
		77A2CA702CBDFA9700C18CF4 /* AuthGoogle.swift */ = {isa = PBXFileReference; lastKnownFileType = sourcecode.swift; path = AuthGoogle.swift; sourceTree = "<group>"; };
		77A2CA722CBDFAA700C18CF4 /* AuthEmail.swift */ = {isa = PBXFileReference; lastKnownFileType = sourcecode.swift; path = AuthEmail.swift; sourceTree = "<group>"; };
		B82F6D222CBE472A00D59FF1 /* LocationManager.swift */ = {isa = PBXFileReference; lastKnownFileType = sourcecode.swift; path = LocationManager.swift; sourceTree = "<group>"; };
		CE8C79522CBD0ABA00992D4C /* UploadingImageView.swift */ = {isa = PBXFileReference; lastKnownFileType = sourcecode.swift; path = UploadingImageView.swift; sourceTree = "<group>"; };
		CE95DF372CBE8820006F2732 /* GoogleService-Info.plist */ = {isa = PBXFileReference; lastKnownFileType = text.plist.xml; path = "GoogleService-Info.plist"; sourceTree = "<group>"; };
		CEBDD8F42CC036100046A13C /* MainView.swift */ = {isa = PBXFileReference; lastKnownFileType = sourcecode.swift; path = MainView.swift; sourceTree = "<group>"; };
		CEFED8792CBCF09D003938E2 /* FriendsMap.app */ = {isa = PBXFileReference; explicitFileType = wrapper.application; includeInIndex = 0; path = FriendsMap.app; sourceTree = BUILT_PRODUCTS_DIR; };
		CEFED88E2CBCF0E5003938E2 /* Assets.xcassets */ = {isa = PBXFileReference; lastKnownFileType = folder.assetcatalog; path = Assets.xcassets; sourceTree = "<group>"; };
		CEFED88F2CBCF0E5003938E2 /* ContentView.swift */ = {isa = PBXFileReference; lastKnownFileType = sourcecode.swift; path = ContentView.swift; sourceTree = "<group>"; };
		CEFED8902CBCF0E5003938E2 /* FriendsMapApp.swift */ = {isa = PBXFileReference; lastKnownFileType = sourcecode.swift; path = FriendsMapApp.swift; sourceTree = "<group>"; };
		CEFED8CE2CBCF2E3003938E2 /* FriendsMap.entitlements */ = {isa = PBXFileReference; lastKnownFileType = text.plist.entitlements; path = FriendsMap.entitlements; sourceTree = "<group>"; };
		CEFED8CF2CBCF43D003938E2 /* Info.plist */ = {isa = PBXFileReference; lastKnownFileType = text.plist; path = Info.plist; sourceTree = "<group>"; };
		CEFED8D22CBCF6EB003938E2 /* User.swift */ = {isa = PBXFileReference; lastKnownFileType = sourcecode.swift; path = User.swift; sourceTree = "<group>"; };
		CEFED8D42CBD0144003938E2 /* Profile.swift */ = {isa = PBXFileReference; lastKnownFileType = sourcecode.swift; path = Profile.swift; sourceTree = "<group>"; };
		CEFED8D62CBD015C003938E2 /* Content.swift */ = {isa = PBXFileReference; lastKnownFileType = sourcecode.swift; path = Content.swift; sourceTree = "<group>"; };
		E0BCB8E12CBF937000FF2391 /* FriendRequestView.swift */ = {isa = PBXFileReference; lastKnownFileType = sourcecode.swift; path = FriendRequestView.swift; sourceTree = "<group>"; };
		E0BCB8E52CBF938E00FF2391 /* AddFriendView.swift */ = {isa = PBXFileReference; lastKnownFileType = sourcecode.swift; path = AddFriendView.swift; sourceTree = "<group>"; };
		E0BCB8E72CBF939F00FF2391 /* FriendLIistView.swift */ = {isa = PBXFileReference; lastKnownFileType = sourcecode.swift; path = FriendLIistView.swift; sourceTree = "<group>"; };
		E0BCB8E92CBF93A900FF2391 /* FriendViewModel.swift */ = {isa = PBXFileReference; lastKnownFileType = sourcecode.swift; path = FriendViewModel.swift; sourceTree = "<group>"; };
		E0BCB8ED2CBF94C900FF2391 /* Color.swift */ = {isa = PBXFileReference; lastKnownFileType = sourcecode.swift; path = Color.swift; sourceTree = "<group>"; };
		FB9D007D2CBDF43B002874C1 /* SignUpView.swift */ = {isa = PBXFileReference; lastKnownFileType = sourcecode.swift; path = SignUpView.swift; sourceTree = "<group>"; };
		FB9D007F2CBDF455002874C1 /* LoginViewCommon.swift */ = {isa = PBXFileReference; lastKnownFileType = sourcecode.swift; path = LoginViewCommon.swift; sourceTree = "<group>"; };
		FB9D00832CBDF4E1002874C1 /* LoginTextFieldModifier.swift */ = {isa = PBXFileReference; lastKnownFileType = sourcecode.swift; path = LoginTextFieldModifier.swift; sourceTree = "<group>"; };
		FB9D00852CBDF65E002874C1 /* SignInView.swift */ = {isa = PBXFileReference; lastKnownFileType = sourcecode.swift; path = SignInView.swift; sourceTree = "<group>"; };
		FB9D00872CBDF80D002874C1 /* ProfileSettingView.swift */ = {isa = PBXFileReference; lastKnownFileType = sourcecode.swift; path = ProfileSettingView.swift; sourceTree = "<group>"; };
		FB9D00892CBDFE8D002874C1 /* ImagePicker.swift */ = {isa = PBXFileReference; lastKnownFileType = sourcecode.swift; path = ImagePicker.swift; sourceTree = "<group>"; };
/* End PBXFileReference section */

/* Begin PBXFrameworksBuildPhase section */
		CEFED8762CBCF09D003938E2 /* Frameworks */ = {
			isa = PBXFrameworksBuildPhase;
			buildActionMask = 2147483647;
			files = (
				CEFED8C62CBCF20A003938E2 /* FirebaseStorageCombine-Community in Frameworks */,
				CEFED8CD2CBCF293003938E2 /* GoogleSignInSwift in Frameworks */,
				CE95DF3D2CBE8C92006F2732 /* FirebaseStorage in Frameworks */,
				CEFED8AC2CBCF20A003938E2 /* FirebaseDatabase in Frameworks */,
				CEFED8A02CBCF20A003938E2 /* FirebaseAppCheck in Frameworks */,
				CEFED8A42CBCF20A003938E2 /* FirebaseAuth in Frameworks */,
				CE95DF3B2CBE8C8D006F2732 /* FirebaseFirestore in Frameworks */,
				CEFED8CB2CBCF293003938E2 /* GoogleSignIn in Frameworks */,
				CEFED8A82CBCF20A003938E2 /* FirebaseCore in Frameworks */,
			);
			runOnlyForDeploymentPostprocessing = 0;
		};
/* End PBXFrameworksBuildPhase section */

/* Begin PBXGroup section */
		2CF4D8F92CBF9491002824DC /* ProfileView */ = {
			isa = PBXGroup;
			children = (
				CE8C79522CBD0ABA00992D4C /* UploadingImageView.swift */,
				2CF775312CBED99D00FE13C2 /* ProfileManagementView.swift */,
				2CF775372CBED9B700FE13C2 /* ImageManagementView.swift */,
				2CF775322CBED99D00FE13C2 /* ProfileView.swift */,
				2CF4D8FA2CBF98C0002824DC /* ProfileCustomButton.swift */,
			);
			path = ProfileView;
			sourceTree = "<group>";
		};
		77A2CA6D2CBDFA6700C18CF4 /* Auth */ = {
			isa = PBXGroup;
			children = (
				77A2CA6E2CBDFA8500C18CF4 /* AuthStore.swift */,
				77A2CA702CBDFA9700C18CF4 /* AuthGoogle.swift */,
				77A2CA722CBDFAA700C18CF4 /* AuthEmail.swift */,
			);
			path = Auth;
			sourceTree = "<group>";
		};
		CE8C79512CBD0A2700992D4C /* View */ = {
			isa = PBXGroup;
			children = (
				CEFED88F2CBCF0E5003938E2 /* ContentView.swift */,
				CEBDD8F42CC036100046A13C /* MainView.swift */,
				2CF4D8F92CBF9491002824DC /* ProfileView */,
				FB9D007C2CBDF424002874C1 /* LoginView */,
				E0BCB8DD2CBF931300FF2391 /* FriendListView */,
			);
			path = View;
			sourceTree = "<group>";
		};
		CE8C79542CBD0DFF00992D4C /* ViewModel */ = {
			isa = PBXGroup;
			children = (
				2C58EF9C2CC0D62600C4CFA7 /* UserViewModel.swift */,
				E0BCB8E92CBF93A900FF2391 /* FriendViewModel.swift */,
				B82F6D222CBE472A00D59FF1 /* LocationManager.swift */,
			);
			path = ViewModel;
			sourceTree = "<group>";
		};
		CE95DF392CBE8C8D006F2732 /* Frameworks */ = {
			isa = PBXGroup;
			children = (
			);
			name = Frameworks;
			sourceTree = "<group>";
		};
		CEFED8702CBCF09D003938E2 = {
			isa = PBXGroup;
			children = (
				CEFED8912CBCF0E5003938E2 /* FriendsMap */,
				CE95DF392CBE8C8D006F2732 /* Frameworks */,
				CEFED87A2CBCF09D003938E2 /* Products */,
			);
			sourceTree = "<group>";
		};
		CEFED87A2CBCF09D003938E2 /* Products */ = {
			isa = PBXGroup;
			children = (
				CEFED8792CBCF09D003938E2 /* FriendsMap.app */,
			);
			name = Products;
			sourceTree = "<group>";
		};
		CEFED88B2CBCF0E5003938E2 /* Model */ = {
			isa = PBXGroup;
			children = (
				2C58EF9A2CC0CE2700C4CFA7 /* UIImage+.swift */,
				77A2CA6D2CBDFA6700C18CF4 /* Auth */,
				CEFED8D22CBCF6EB003938E2 /* User.swift */,
				CEFED8D62CBD015C003938E2 /* Content.swift */,
				CEFED8D42CBD0144003938E2 /* Profile.swift */,
			);
			path = Model;
			sourceTree = "<group>";
		};
		CEFED8912CBCF0E5003938E2 /* FriendsMap */ = {
			isa = PBXGroup;
			children = (
				CEFED8902CBCF0E5003938E2 /* FriendsMapApp.swift */,
				E0BCB8EB2CBF94BB00FF2391 /* Color */,
				CEFED88B2CBCF0E5003938E2 /* Model */,
				CE8C79512CBD0A2700992D4C /* View */,
				CE8C79542CBD0DFF00992D4C /* ViewModel */,
				CE95DF372CBE8820006F2732 /* GoogleService-Info.plist */,
				FB9D00812CBDF4AD002874C1 /* Modifier */,
				FB9D00892CBDFE8D002874C1 /* ImagePicker.swift */,
				CEFED8CF2CBCF43D003938E2 /* Info.plist */,
				CEFED8CE2CBCF2E3003938E2 /* FriendsMap.entitlements */,
				CEFED88E2CBCF0E5003938E2 /* Assets.xcassets */,
			);
			path = FriendsMap;
			sourceTree = "<group>";
		};
		E0BCB8DD2CBF931300FF2391 /* FriendListView */ = {
			isa = PBXGroup;
			children = (
				E0BCB8E72CBF939F00FF2391 /* FriendLIistView.swift */,
				E0BCB8E52CBF938E00FF2391 /* AddFriendView.swift */,
				E0BCB8E12CBF937000FF2391 /* FriendRequestView.swift */,
			);
			path = FriendListView;
			sourceTree = "<group>";
		};
		E0BCB8EB2CBF94BB00FF2391 /* Color */ = {
			isa = PBXGroup;
			children = (
				E0BCB8ED2CBF94C900FF2391 /* Color.swift */,
			);
			path = Color;
			sourceTree = "<group>";
		};
		FB9D007C2CBDF424002874C1 /* LoginView */ = {
			isa = PBXGroup;
			children = (
				FB9D007D2CBDF43B002874C1 /* SignUpView.swift */,
				FB9D00852CBDF65E002874C1 /* SignInView.swift */,
				FB9D007F2CBDF455002874C1 /* LoginViewCommon.swift */,
				FB9D00872CBDF80D002874C1 /* ProfileSettingView.swift */,
			);
			path = LoginView;
			sourceTree = "<group>";
		};
		FB9D00812CBDF4AD002874C1 /* Modifier */ = {
			isa = PBXGroup;
			children = (
				FB9D00822CBDF4B7002874C1 /* LoginView */,
			);
			path = Modifier;
			sourceTree = "<group>";
		};
		FB9D00822CBDF4B7002874C1 /* LoginView */ = {
			isa = PBXGroup;
			children = (
				FB9D00832CBDF4E1002874C1 /* LoginTextFieldModifier.swift */,
			);
			path = LoginView;
			sourceTree = "<group>";
		};
/* End PBXGroup section */

/* Begin PBXNativeTarget section */
		CEFED8782CBCF09D003938E2 /* FriendsMap */ = {
			isa = PBXNativeTarget;
			buildConfigurationList = CEFED8872CBCF09F003938E2 /* Build configuration list for PBXNativeTarget "FriendsMap" */;
			buildPhases = (
				CEFED8752CBCF09D003938E2 /* Sources */,
				CEFED8762CBCF09D003938E2 /* Frameworks */,
				CEFED8772CBCF09D003938E2 /* Resources */,
			);
			buildRules = (
			);
			dependencies = (
			);
			name = FriendsMap;
			packageProductDependencies = (
				CEFED89F2CBCF20A003938E2 /* FirebaseAppCheck */,
				CEFED8A32CBCF20A003938E2 /* FirebaseAuth */,
				CEFED8A72CBCF20A003938E2 /* FirebaseCore */,
				CEFED8AB2CBCF20A003938E2 /* FirebaseDatabase */,
				CEFED8C52CBCF20A003938E2 /* FirebaseStorageCombine-Community */,
				CEFED8CA2CBCF293003938E2 /* GoogleSignIn */,
				CEFED8CC2CBCF293003938E2 /* GoogleSignInSwift */,
				CE95DF3A2CBE8C8D006F2732 /* FirebaseFirestore */,
				CE95DF3C2CBE8C92006F2732 /* FirebaseStorage */,
			);
			productName = FriendsMap;
			productReference = CEFED8792CBCF09D003938E2 /* FriendsMap.app */;
			productType = "com.apple.product-type.application";
		};
/* End PBXNativeTarget section */

/* Begin PBXProject section */
		CEFED8712CBCF09D003938E2 /* Project object */ = {
			isa = PBXProject;
			attributes = {
				BuildIndependentTargetsInParallel = 1;
				LastSwiftUpdateCheck = 1600;
				LastUpgradeCheck = 1600;
				TargetAttributes = {
					CEFED8782CBCF09D003938E2 = {
						CreatedOnToolsVersion = 16.0;
					};
				};
			};
			buildConfigurationList = CEFED8742CBCF09D003938E2 /* Build configuration list for PBXProject "FriendsMap" */;
			developmentRegion = en;
			hasScannedForEncodings = 0;
			knownRegions = (
				en,
				Base,
			);
			mainGroup = CEFED8702CBCF09D003938E2;
			minimizedProjectReferenceProxies = 1;
			packageReferences = (
				CEFED8982CBCF20A003938E2 /* XCRemoteSwiftPackageReference "firebase-ios-sdk" */,
				CEFED8C92CBCF293003938E2 /* XCRemoteSwiftPackageReference "GoogleSignIn-iOS" */,
			);
			preferredProjectObjectVersion = 77;
			productRefGroup = CEFED87A2CBCF09D003938E2 /* Products */;
			projectDirPath = "";
			projectRoot = "";
			targets = (
				CEFED8782CBCF09D003938E2 /* FriendsMap */,
			);
		};
/* End PBXProject section */

/* Begin PBXResourcesBuildPhase section */
		CEFED8772CBCF09D003938E2 /* Resources */ = {
			isa = PBXResourcesBuildPhase;
			buildActionMask = 2147483647;
			files = (
				CEFED8932CBCF0E5003938E2 /* Assets.xcassets in Resources */,
				CE95DF382CBE8820006F2732 /* GoogleService-Info.plist in Resources */,
			);
			runOnlyForDeploymentPostprocessing = 0;
		};
/* End PBXResourcesBuildPhase section */

/* Begin PBXSourcesBuildPhase section */
		CEFED8752CBCF09D003938E2 /* Sources */ = {
			isa = PBXSourcesBuildPhase;
			buildActionMask = 2147483647;
			files = (
				77A2CA732CBDFAA700C18CF4 /* AuthEmail.swift in Sources */,
				FB9D008A2CBDFE93002874C1 /* ImagePicker.swift in Sources */,
				CEFED8942CBCF0E5003938E2 /* ContentView.swift in Sources */,
				77A2CA6F2CBDFA8500C18CF4 /* AuthStore.swift in Sources */,
				FB9D00802CBDF45F002874C1 /* LoginViewCommon.swift in Sources */,
				B82F6D232CBE472A00D59FF1 /* LocationManager.swift in Sources */,
				CEFED8D52CBD0148003938E2 /* Profile.swift in Sources */,
				CEFED8952CBCF0E5003938E2 /* FriendsMapApp.swift in Sources */,
				2CF775382CBED9B700FE13C2 /* ImageManagementView.swift in Sources */,
				FB9D007E2CBDF43B002874C1 /* SignUpView.swift in Sources */,
				E0BCB8E82CBF93A100FF2391 /* FriendLIistView.swift in Sources */,
				2C58EF9D2CC0D62600C4CFA7 /* UserViewModel.swift in Sources */,
				CEFED8D72CBD015F003938E2 /* Content.swift in Sources */,
				E0BCB8EA2CBF93B500FF2391 /* FriendViewModel.swift in Sources */,
				E0BCB8EE2CBF94CE00FF2391 /* Color.swift in Sources */,
				CEFED8D32CBCF6F1003938E2 /* User.swift in Sources */,
				E0BCB8E22CBF937700FF2391 /* FriendRequestView.swift in Sources */,
				77A2CA712CBDFA9700C18CF4 /* AuthGoogle.swift in Sources */,
				FB9D00842CBDF4E5002874C1 /* LoginTextFieldModifier.swift in Sources */,
				FB9D00882CBDF80D002874C1 /* ProfileSettingView.swift in Sources */,
				FB9D00862CBDF65E002874C1 /* SignInView.swift in Sources */,
				CE8C79532CBD0ABA00992D4C /* UploadingImageView.swift in Sources */,
				2CF775342CBED99D00FE13C2 /* ProfileView.swift in Sources */,
				2C58EF9B2CC0CE2700C4CFA7 /* UIImage+.swift in Sources */,
				CEBDD8F52CC036100046A13C /* MainView.swift in Sources */,
				E0BCB8E62CBF938F00FF2391 /* AddFriendView.swift in Sources */,
				2CF775362CBED99D00FE13C2 /* ProfileManagementView.swift in Sources */,
				2CF4D8FB2CBF98C0002824DC /* ProfileCustomButton.swift in Sources */,
			);
			runOnlyForDeploymentPostprocessing = 0;
		};
/* End PBXSourcesBuildPhase section */

/* Begin XCBuildConfiguration section */
		CEFED8852CBCF09F003938E2 /* Debug */ = {
			isa = XCBuildConfiguration;
			buildSettings = {
				ALWAYS_SEARCH_USER_PATHS = NO;
				ASSETCATALOG_COMPILER_GENERATE_SWIFT_ASSET_SYMBOL_EXTENSIONS = YES;
				CLANG_ANALYZER_NONNULL = YES;
				CLANG_ANALYZER_NUMBER_OBJECT_CONVERSION = YES_AGGRESSIVE;
				CLANG_CXX_LANGUAGE_STANDARD = "gnu++20";
				CLANG_ENABLE_MODULES = YES;
				CLANG_ENABLE_OBJC_ARC = YES;
				CLANG_ENABLE_OBJC_WEAK = YES;
				CLANG_WARN_BLOCK_CAPTURE_AUTORELEASING = YES;
				CLANG_WARN_BOOL_CONVERSION = YES;
				CLANG_WARN_COMMA = YES;
				CLANG_WARN_CONSTANT_CONVERSION = YES;
				CLANG_WARN_DEPRECATED_OBJC_IMPLEMENTATIONS = YES;
				CLANG_WARN_DIRECT_OBJC_ISA_USAGE = YES_ERROR;
				CLANG_WARN_DOCUMENTATION_COMMENTS = YES;
				CLANG_WARN_EMPTY_BODY = YES;
				CLANG_WARN_ENUM_CONVERSION = YES;
				CLANG_WARN_INFINITE_RECURSION = YES;
				CLANG_WARN_INT_CONVERSION = YES;
				CLANG_WARN_NON_LITERAL_NULL_CONVERSION = YES;
				CLANG_WARN_OBJC_IMPLICIT_RETAIN_SELF = YES;
				CLANG_WARN_OBJC_LITERAL_CONVERSION = YES;
				CLANG_WARN_OBJC_ROOT_CLASS = YES_ERROR;
				CLANG_WARN_QUOTED_INCLUDE_IN_FRAMEWORK_HEADER = YES;
				CLANG_WARN_RANGE_LOOP_ANALYSIS = YES;
				CLANG_WARN_STRICT_PROTOTYPES = YES;
				CLANG_WARN_SUSPICIOUS_MOVE = YES;
				CLANG_WARN_UNGUARDED_AVAILABILITY = YES_AGGRESSIVE;
				CLANG_WARN_UNREACHABLE_CODE = YES;
				CLANG_WARN__DUPLICATE_METHOD_MATCH = YES;
				COPY_PHASE_STRIP = NO;
				DEBUG_INFORMATION_FORMAT = dwarf;
				ENABLE_STRICT_OBJC_MSGSEND = YES;
				ENABLE_TESTABILITY = YES;
				ENABLE_USER_SCRIPT_SANDBOXING = YES;
				GCC_C_LANGUAGE_STANDARD = gnu17;
				GCC_DYNAMIC_NO_PIC = NO;
				GCC_NO_COMMON_BLOCKS = YES;
				GCC_OPTIMIZATION_LEVEL = 0;
				GCC_PREPROCESSOR_DEFINITIONS = (
					"DEBUG=1",
					"$(inherited)",
				);
				GCC_WARN_64_TO_32_BIT_CONVERSION = YES;
				GCC_WARN_ABOUT_RETURN_TYPE = YES_ERROR;
				GCC_WARN_UNDECLARED_SELECTOR = YES;
				GCC_WARN_UNINITIALIZED_AUTOS = YES_AGGRESSIVE;
				GCC_WARN_UNUSED_FUNCTION = YES;
				GCC_WARN_UNUSED_VARIABLE = YES;
				IPHONEOS_DEPLOYMENT_TARGET = 18.0;
				LOCALIZATION_PREFERS_STRING_CATALOGS = YES;
				MTL_ENABLE_DEBUG_INFO = INCLUDE_SOURCE;
				MTL_FAST_MATH = YES;
				ONLY_ACTIVE_ARCH = YES;
				SDKROOT = iphoneos;
				SWIFT_ACTIVE_COMPILATION_CONDITIONS = "DEBUG $(inherited)";
				SWIFT_OPTIMIZATION_LEVEL = "-Onone";
			};
			name = Debug;
		};
		CEFED8862CBCF09F003938E2 /* Release */ = {
			isa = XCBuildConfiguration;
			buildSettings = {
				ALWAYS_SEARCH_USER_PATHS = NO;
				ASSETCATALOG_COMPILER_GENERATE_SWIFT_ASSET_SYMBOL_EXTENSIONS = YES;
				CLANG_ANALYZER_NONNULL = YES;
				CLANG_ANALYZER_NUMBER_OBJECT_CONVERSION = YES_AGGRESSIVE;
				CLANG_CXX_LANGUAGE_STANDARD = "gnu++20";
				CLANG_ENABLE_MODULES = YES;
				CLANG_ENABLE_OBJC_ARC = YES;
				CLANG_ENABLE_OBJC_WEAK = YES;
				CLANG_WARN_BLOCK_CAPTURE_AUTORELEASING = YES;
				CLANG_WARN_BOOL_CONVERSION = YES;
				CLANG_WARN_COMMA = YES;
				CLANG_WARN_CONSTANT_CONVERSION = YES;
				CLANG_WARN_DEPRECATED_OBJC_IMPLEMENTATIONS = YES;
				CLANG_WARN_DIRECT_OBJC_ISA_USAGE = YES_ERROR;
				CLANG_WARN_DOCUMENTATION_COMMENTS = YES;
				CLANG_WARN_EMPTY_BODY = YES;
				CLANG_WARN_ENUM_CONVERSION = YES;
				CLANG_WARN_INFINITE_RECURSION = YES;
				CLANG_WARN_INT_CONVERSION = YES;
				CLANG_WARN_NON_LITERAL_NULL_CONVERSION = YES;
				CLANG_WARN_OBJC_IMPLICIT_RETAIN_SELF = YES;
				CLANG_WARN_OBJC_LITERAL_CONVERSION = YES;
				CLANG_WARN_OBJC_ROOT_CLASS = YES_ERROR;
				CLANG_WARN_QUOTED_INCLUDE_IN_FRAMEWORK_HEADER = YES;
				CLANG_WARN_RANGE_LOOP_ANALYSIS = YES;
				CLANG_WARN_STRICT_PROTOTYPES = YES;
				CLANG_WARN_SUSPICIOUS_MOVE = YES;
				CLANG_WARN_UNGUARDED_AVAILABILITY = YES_AGGRESSIVE;
				CLANG_WARN_UNREACHABLE_CODE = YES;
				CLANG_WARN__DUPLICATE_METHOD_MATCH = YES;
				COPY_PHASE_STRIP = NO;
				DEBUG_INFORMATION_FORMAT = "dwarf-with-dsym";
				ENABLE_NS_ASSERTIONS = NO;
				ENABLE_STRICT_OBJC_MSGSEND = YES;
				ENABLE_USER_SCRIPT_SANDBOXING = YES;
				GCC_C_LANGUAGE_STANDARD = gnu17;
				GCC_NO_COMMON_BLOCKS = YES;
				GCC_WARN_64_TO_32_BIT_CONVERSION = YES;
				GCC_WARN_ABOUT_RETURN_TYPE = YES_ERROR;
				GCC_WARN_UNDECLARED_SELECTOR = YES;
				GCC_WARN_UNINITIALIZED_AUTOS = YES_AGGRESSIVE;
				GCC_WARN_UNUSED_FUNCTION = YES;
				GCC_WARN_UNUSED_VARIABLE = YES;
				IPHONEOS_DEPLOYMENT_TARGET = 18.0;
				LOCALIZATION_PREFERS_STRING_CATALOGS = YES;
				MTL_ENABLE_DEBUG_INFO = NO;
				MTL_FAST_MATH = YES;
				SDKROOT = iphoneos;
				SWIFT_COMPILATION_MODE = wholemodule;
				VALIDATE_PRODUCT = YES;
			};
			name = Release;
		};
		CEFED8882CBCF09F003938E2 /* Debug */ = {
			isa = XCBuildConfiguration;
			buildSettings = {
				ASSETCATALOG_COMPILER_APPICON_NAME = AppIcon;
				ASSETCATALOG_COMPILER_GLOBAL_ACCENT_COLOR_NAME = AccentColor;
				CODE_SIGN_ENTITLEMENTS = FriendsMap/FriendsMap.entitlements;
				CODE_SIGN_STYLE = Automatic;
				CURRENT_PROJECT_VERSION = 1;
				DEVELOPMENT_ASSET_PATHS = "";
				DEVELOPMENT_TEAM = 6R3M7VGRP2;
				ENABLE_PREVIEWS = YES;
				GENERATE_INFOPLIST_FILE = YES;
				INFOPLIST_FILE = FriendsMap/Info.plist;
				INFOPLIST_KEY_NSLocationAlwaysUsageDescription = "앱이 항상 사용자의 현재 위치를 사용해야 합니다.";
				INFOPLIST_KEY_NSLocationWhenInUseUsageDescription = "앱이 사용자의 현재 위치를 사용해야 합니다.";
				INFOPLIST_KEY_UIApplicationSceneManifest_Generation = YES;
				INFOPLIST_KEY_UIApplicationSupportsIndirectInputEvents = YES;
				INFOPLIST_KEY_UILaunchScreen_Generation = YES;
				INFOPLIST_KEY_UISupportedInterfaceOrientations_iPad = "UIInterfaceOrientationPortrait UIInterfaceOrientationPortraitUpsideDown UIInterfaceOrientationLandscapeLeft UIInterfaceOrientationLandscapeRight";
				INFOPLIST_KEY_UISupportedInterfaceOrientations_iPhone = "UIInterfaceOrientationPortrait UIInterfaceOrientationLandscapeLeft UIInterfaceOrientationLandscapeRight";
				INFOPLIST_KEY_UIUserInterfaceStyle = Light;
				IPHONEOS_DEPLOYMENT_TARGET = 17.0;
				LD_RUNPATH_SEARCH_PATHS = (
					"$(inherited)",
					"@executable_path/Frameworks",
				);
				MARKETING_VERSION = 1.1;
				PRODUCT_BUNDLE_IDENTIFIER = breaktime.FriendsMap;
				PRODUCT_NAME = "$(TARGET_NAME)";
				SUPPORTED_PLATFORMS = "iphoneos iphonesimulator";
				SUPPORTS_MACCATALYST = NO;
				SUPPORTS_MAC_DESIGNED_FOR_IPHONE_IPAD = NO;
				SUPPORTS_XR_DESIGNED_FOR_IPHONE_IPAD = NO;
				SWIFT_EMIT_LOC_STRINGS = YES;
				SWIFT_VERSION = 5.0;
				TARGETED_DEVICE_FAMILY = 1;
			};
			name = Debug;
		};
		CEFED8892CBCF09F003938E2 /* Release */ = {
			isa = XCBuildConfiguration;
			buildSettings = {
				ASSETCATALOG_COMPILER_APPICON_NAME = AppIcon;
				ASSETCATALOG_COMPILER_GLOBAL_ACCENT_COLOR_NAME = AccentColor;
				CODE_SIGN_ENTITLEMENTS = FriendsMap/FriendsMap.entitlements;
				CODE_SIGN_STYLE = Automatic;
				CURRENT_PROJECT_VERSION = 1;
				DEVELOPMENT_ASSET_PATHS = "";
				DEVELOPMENT_TEAM = 6R3M7VGRP2;
				ENABLE_PREVIEWS = YES;
				GENERATE_INFOPLIST_FILE = YES;
				INFOPLIST_FILE = FriendsMap/Info.plist;
				INFOPLIST_KEY_NSLocationAlwaysUsageDescription = "앱이 항상 사용자의 현재 위치를 사용해야 합니다.";
				INFOPLIST_KEY_NSLocationWhenInUseUsageDescription = "앱이 사용자의 현재 위치를 사용해야 합니다.";
				INFOPLIST_KEY_UIApplicationSceneManifest_Generation = YES;
				INFOPLIST_KEY_UIApplicationSupportsIndirectInputEvents = YES;
				INFOPLIST_KEY_UILaunchScreen_Generation = YES;
				INFOPLIST_KEY_UISupportedInterfaceOrientations_iPad = "UIInterfaceOrientationPortrait UIInterfaceOrientationPortraitUpsideDown UIInterfaceOrientationLandscapeLeft UIInterfaceOrientationLandscapeRight";
				INFOPLIST_KEY_UISupportedInterfaceOrientations_iPhone = "UIInterfaceOrientationPortrait UIInterfaceOrientationLandscapeLeft UIInterfaceOrientationLandscapeRight";
				INFOPLIST_KEY_UIUserInterfaceStyle = Light;
				IPHONEOS_DEPLOYMENT_TARGET = 17.0;
				LD_RUNPATH_SEARCH_PATHS = (
					"$(inherited)",
					"@executable_path/Frameworks",
				);
				MARKETING_VERSION = 1.1;
				PRODUCT_BUNDLE_IDENTIFIER = breaktime.FriendsMap;
				PRODUCT_NAME = "$(TARGET_NAME)";
				SUPPORTED_PLATFORMS = "iphoneos iphonesimulator";
				SUPPORTS_MACCATALYST = NO;
				SUPPORTS_MAC_DESIGNED_FOR_IPHONE_IPAD = NO;
				SUPPORTS_XR_DESIGNED_FOR_IPHONE_IPAD = NO;
				SWIFT_EMIT_LOC_STRINGS = YES;
				SWIFT_VERSION = 5.0;
				TARGETED_DEVICE_FAMILY = 1;
			};
			name = Release;
		};
/* End XCBuildConfiguration section */

/* Begin XCConfigurationList section */
		CEFED8742CBCF09D003938E2 /* Build configuration list for PBXProject "FriendsMap" */ = {
			isa = XCConfigurationList;
			buildConfigurations = (
				CEFED8852CBCF09F003938E2 /* Debug */,
				CEFED8862CBCF09F003938E2 /* Release */,
			);
			defaultConfigurationIsVisible = 0;
			defaultConfigurationName = Release;
		};
		CEFED8872CBCF09F003938E2 /* Build configuration list for PBXNativeTarget "FriendsMap" */ = {
			isa = XCConfigurationList;
			buildConfigurations = (
				CEFED8882CBCF09F003938E2 /* Debug */,
				CEFED8892CBCF09F003938E2 /* Release */,
			);
			defaultConfigurationIsVisible = 0;
			defaultConfigurationName = Release;
		};
/* End XCConfigurationList section */

/* Begin XCRemoteSwiftPackageReference section */
		CEFED8982CBCF20A003938E2 /* XCRemoteSwiftPackageReference "firebase-ios-sdk" */ = {
			isa = XCRemoteSwiftPackageReference;
			repositoryURL = "https://github.com/firebase/firebase-ios-sdk";
			requirement = {
				kind = upToNextMajorVersion;
				minimumVersion = 11.3.0;
			};
		};
		CEFED8C92CBCF293003938E2 /* XCRemoteSwiftPackageReference "GoogleSignIn-iOS" */ = {
			isa = XCRemoteSwiftPackageReference;
			repositoryURL = "https://github.com/google/GoogleSignIn-iOS";
			requirement = {
				kind = upToNextMajorVersion;
				minimumVersion = 8.0.0;
			};
		};
/* End XCRemoteSwiftPackageReference section */

/* Begin XCSwiftPackageProductDependency section */
		CE95DF3A2CBE8C8D006F2732 /* FirebaseFirestore */ = {
			isa = XCSwiftPackageProductDependency;
			package = CEFED8982CBCF20A003938E2 /* XCRemoteSwiftPackageReference "firebase-ios-sdk" */;
			productName = FirebaseFirestore;
		};
		CE95DF3C2CBE8C92006F2732 /* FirebaseStorage */ = {
			isa = XCSwiftPackageProductDependency;
			package = CEFED8982CBCF20A003938E2 /* XCRemoteSwiftPackageReference "firebase-ios-sdk" */;
			productName = FirebaseStorage;
		};
		CEFED89F2CBCF20A003938E2 /* FirebaseAppCheck */ = {
			isa = XCSwiftPackageProductDependency;
			package = CEFED8982CBCF20A003938E2 /* XCRemoteSwiftPackageReference "firebase-ios-sdk" */;
			productName = FirebaseAppCheck;
		};
		CEFED8A32CBCF20A003938E2 /* FirebaseAuth */ = {
			isa = XCSwiftPackageProductDependency;
			package = CEFED8982CBCF20A003938E2 /* XCRemoteSwiftPackageReference "firebase-ios-sdk" */;
			productName = FirebaseAuth;
		};
		CEFED8A72CBCF20A003938E2 /* FirebaseCore */ = {
			isa = XCSwiftPackageProductDependency;
			package = CEFED8982CBCF20A003938E2 /* XCRemoteSwiftPackageReference "firebase-ios-sdk" */;
			productName = FirebaseCore;
		};
		CEFED8AB2CBCF20A003938E2 /* FirebaseDatabase */ = {
			isa = XCSwiftPackageProductDependency;
			package = CEFED8982CBCF20A003938E2 /* XCRemoteSwiftPackageReference "firebase-ios-sdk" */;
			productName = FirebaseDatabase;
		};
		CEFED8C52CBCF20A003938E2 /* FirebaseStorageCombine-Community */ = {
			isa = XCSwiftPackageProductDependency;
			package = CEFED8982CBCF20A003938E2 /* XCRemoteSwiftPackageReference "firebase-ios-sdk" */;
			productName = "FirebaseStorageCombine-Community";
		};
		CEFED8CA2CBCF293003938E2 /* GoogleSignIn */ = {
			isa = XCSwiftPackageProductDependency;
			package = CEFED8C92CBCF293003938E2 /* XCRemoteSwiftPackageReference "GoogleSignIn-iOS" */;
			productName = GoogleSignIn;
		};
		CEFED8CC2CBCF293003938E2 /* GoogleSignInSwift */ = {
			isa = XCSwiftPackageProductDependency;
			package = CEFED8C92CBCF293003938E2 /* XCRemoteSwiftPackageReference "GoogleSignIn-iOS" */;
			productName = GoogleSignInSwift;
		};
/* End XCSwiftPackageProductDependency section */
	};
	rootObject = CEFED8712CBCF09D003938E2 /* Project object */;
}
